// !$*UTF8*$!
{
	archiveVersion = 1;
	classes = {
	};
	objectVersion = 54;
	objects = {

/* Begin PBXBuildFile section */
		374C51002DFAD10E00DAE8D9 /* GxyLoggerUtils.swift in Sources */ = {isa = PBXBuildFile; fileRef = 374C50FA2DFAD10E00DAE8D9 /* GxyLoggerUtils.swift */; };
		374C51012DFAD10E00DAE8D9 /* SentryUtils.swift in Sources */ = {isa = PBXBuildFile; fileRef = 374C50FE2DFAD10E00DAE8D9 /* SentryUtils.swift */; };
		374C51022DFAD10E00DAE8D9 /* GxyLogger.swift in Sources */ = {isa = PBXBuildFile; fileRef = 374C50F92DFAD10E00DAE8D9 /* GxyLogger.swift */; };
		374C51032DFAD10E00DAE8D9 /* LoggerModule.swift in Sources */ = {isa = PBXBuildFile; fileRef = 374C50FD2DFAD10E00DAE8D9 /* LoggerModule.swift */; };
		374C51042DFAD10E00DAE8D9 /* LoggerModule.m in Sources */ = {isa = PBXBuildFile; fileRef = 374C50FC2DFAD10E00DAE8D9 /* LoggerModule.m */; };
		376193362D9D5C5700F52320 /* AudioManager.m in Sources */ = {isa = PBXBuildFile; fileRef = 376193172D9D5C5600F52320 /* AudioManager.m */; };
		376193372D9D5C5700F52320 /* AudioManager.swift in Sources */ = {isa = PBXBuildFile; fileRef = 376193182D9D5C5600F52320 /* AudioManager.swift */; };
		376193382D9D5C5700F52320 /* AudioManager+Bridge.swift in Sources */ = {isa = PBXBuildFile; fileRef = 376193192D9D5C5600F52320 /* AudioManager+Bridge.swift */; };
		376193392D9D5C5700F52320 /* AudioManager+Controller.swift in Sources */ = {isa = PBXBuildFile; fileRef = 3761931A2D9D5C5600F52320 /* AudioManager+Controller.swift */; };
		3761933A2D9D5C5700F52320 /* AudioManager+Events.swift in Sources */ = {isa = PBXBuildFile; fileRef = 3761931B2D9D5C5600F52320 /* AudioManager+Events.swift */; };
		3761933B2D9D5C5700F52320 /* AudioManager+Monitor.swift in Sources */ = {isa = PBXBuildFile; fileRef = 3761931C2D9D5C5600F52320 /* AudioManager+Monitor.swift */; };
		3761933C2D9D5C5700F52320 /* AudioManager+Types.swift in Sources */ = {isa = PBXBuildFile; fileRef = 3761931D2D9D5C5600F52320 /* AudioManager+Types.swift */; };
		3761933E2D9D5C5700F52320 /* CallManager.m in Sources */ = {isa = PBXBuildFile; fileRef = 376193212D9D5C5600F52320 /* CallManager.m */; };
		3761933F2D9D5C5700F52320 /* CallManager.swift in Sources */ = {isa = PBXBuildFile; fileRef = 376193222D9D5C5600F52320 /* CallManager.swift */; };
		376193402D9D5C5700F52320 /* CallManager+Bridge.swift in Sources */ = {isa = PBXBuildFile; fileRef = 376193232D9D5C5600F52320 /* CallManager+Bridge.swift */; };
		376193412D9D5C5700F52320 /* CallManager+Events.swift in Sources */ = {isa = PBXBuildFile; fileRef = 376193242D9D5C5600F52320 /* CallManager+Events.swift */; };
		376193422D9D5C5700F52320 /* CallManager+Types.swift in Sources */ = {isa = PBXBuildFile; fileRef = 376193252D9D5C5600F52320 /* CallManager+Types.swift */; };
		376193452D9D5C5700F52320 /* KeepAwakeModule.m in Sources */ = {isa = PBXBuildFile; fileRef = 3761932A2D9D5C5600F52320 /* KeepAwakeModule.m */; };
		376193462D9D5C5700F52320 /* KeepAwakeModule.swift in Sources */ = {isa = PBXBuildFile; fileRef = 3761932B2D9D5C5600F52320 /* KeepAwakeModule.swift */; };
		376193472D9D5C5700F52320 /* AppDelegate.mm in Sources */ = {isa = PBXBuildFile; fileRef = 3761932E2D9D5C5600F52320 /* AppDelegate.mm */; };
		376193482D9D5C5700F52320 /* Images.xcassets in Resources */ = {isa = PBXBuildFile; fileRef = 376193302D9D5C5600F52320 /* Images.xcassets */; };
		3761934A2D9D5C5700F52320 /* LaunchScreen.storyboard in Resources */ = {isa = PBXBuildFile; fileRef = 376193322D9D5C5600F52320 /* LaunchScreen.storyboard */; };
		3761934B2D9D5C5700F52320 /* main.m in Sources */ = {isa = PBXBuildFile; fileRef = 376193332D9D5C5600F52320 /* main.m */; };
		3761934C2D9D5C5700F52320 /* PrivacyInfo.xcprivacy in Resources */ = {isa = PBXBuildFile; fileRef = 376193342D9D5C5600F52320 /* PrivacyInfo.xcprivacy */; };
		EEE4C679E7EF7F5CC9C2B75D /* libPods-GalaxyRN.a in Frameworks */ = {isa = PBXBuildFile; fileRef = 914FF1DFB728CF44BF715873 /* libPods-GalaxyRN.a */; };
/* End PBXBuildFile section */

/* Begin PBXFileReference section */
		13B07F961A680F5B00A75B9A /* GalaxyRN.app */ = {isa = PBXFileReference; explicitFileType = wrapper.application; includeInIndex = 0; path = GalaxyRN.app; sourceTree = BUILT_PRODUCTS_DIR; };
		2DF3B0EE911E3CBA2541EFA1 /* Pods-GalaxyRN.release.xcconfig */ = {isa = PBXFileReference; includeInIndex = 1; lastKnownFileType = text.xcconfig; name = "Pods-GalaxyRN.release.xcconfig"; path = "Target Support Files/Pods-GalaxyRN/Pods-GalaxyRN.release.xcconfig"; sourceTree = "<group>"; };
		374C50F92DFAD10E00DAE8D9 /* GxyLogger.swift */ = {isa = PBXFileReference; lastKnownFileType = sourcecode.swift; path = GxyLogger.swift; sourceTree = "<group>"; };
		374C50FA2DFAD10E00DAE8D9 /* GxyLoggerUtils.swift */ = {isa = PBXFileReference; lastKnownFileType = sourcecode.swift; path = GxyLoggerUtils.swift; sourceTree = "<group>"; };
		374C50FB2DFAD10E00DAE8D9 /* LoggerModule.h */ = {isa = PBXFileReference; lastKnownFileType = sourcecode.c.h; path = LoggerModule.h; sourceTree = "<group>"; };
		374C50FC2DFAD10E00DAE8D9 /* LoggerModule.m */ = {isa = PBXFileReference; lastKnownFileType = sourcecode.c.objc; path = LoggerModule.m; sourceTree = "<group>"; };
		374C50FD2DFAD10E00DAE8D9 /* LoggerModule.swift */ = {isa = PBXFileReference; lastKnownFileType = sourcecode.swift; path = LoggerModule.swift; sourceTree = "<group>"; };
		374C50FE2DFAD10E00DAE8D9 /* SentryUtils.swift */ = {isa = PBXFileReference; lastKnownFileType = sourcecode.swift; path = SentryUtils.swift; sourceTree = "<group>"; };
		376193162D9D5C5600F52320 /* AudioManager.h */ = {isa = PBXFileReference; fileEncoding = 4; lastKnownFileType = sourcecode.c.h; path = AudioManager.h; sourceTree = "<group>"; };
		376193172D9D5C5600F52320 /* AudioManager.m */ = {isa = PBXFileReference; fileEncoding = 4; lastKnownFileType = sourcecode.c.objc; path = AudioManager.m; sourceTree = "<group>"; };
		376193182D9D5C5600F52320 /* AudioManager.swift */ = {isa = PBXFileReference; fileEncoding = 4; lastKnownFileType = sourcecode.swift; path = AudioManager.swift; sourceTree = "<group>"; };
		376193192D9D5C5600F52320 /* AudioManager+Bridge.swift */ = {isa = PBXFileReference; fileEncoding = 4; lastKnownFileType = sourcecode.swift; path = "AudioManager+Bridge.swift"; sourceTree = "<group>"; };
		3761931A2D9D5C5600F52320 /* AudioManager+Controller.swift */ = {isa = PBXFileReference; fileEncoding = 4; lastKnownFileType = sourcecode.swift; path = "AudioManager+Controller.swift"; sourceTree = "<group>"; };
		3761931B2D9D5C5600F52320 /* AudioManager+Events.swift */ = {isa = PBXFileReference; fileEncoding = 4; lastKnownFileType = sourcecode.swift; path = "AudioManager+Events.swift"; sourceTree = "<group>"; };
		3761931C2D9D5C5600F52320 /* AudioManager+Monitor.swift */ = {isa = PBXFileReference; fileEncoding = 4; lastKnownFileType = sourcecode.swift; path = "AudioManager+Monitor.swift"; sourceTree = "<group>"; };
		3761931D2D9D5C5600F52320 /* AudioManager+Types.swift */ = {isa = PBXFileReference; fileEncoding = 4; lastKnownFileType = sourcecode.swift; path = "AudioManager+Types.swift"; sourceTree = "<group>"; };
		376193202D9D5C5600F52320 /* CallManager.h */ = {isa = PBXFileReference; fileEncoding = 4; lastKnownFileType = sourcecode.c.h; path = CallManager.h; sourceTree = "<group>"; };
		376193212D9D5C5600F52320 /* CallManager.m */ = {isa = PBXFileReference; fileEncoding = 4; lastKnownFileType = sourcecode.c.objc; path = CallManager.m; sourceTree = "<group>"; };
		376193222D9D5C5600F52320 /* CallManager.swift */ = {isa = PBXFileReference; fileEncoding = 4; lastKnownFileType = sourcecode.swift; path = CallManager.swift; sourceTree = "<group>"; };
		376193232D9D5C5600F52320 /* CallManager+Bridge.swift */ = {isa = PBXFileReference; fileEncoding = 4; lastKnownFileType = sourcecode.swift; path = "CallManager+Bridge.swift"; sourceTree = "<group>"; };
		376193242D9D5C5600F52320 /* CallManager+Events.swift */ = {isa = PBXFileReference; fileEncoding = 4; lastKnownFileType = sourcecode.swift; path = "CallManager+Events.swift"; sourceTree = "<group>"; };
		376193252D9D5C5600F52320 /* CallManager+Types.swift */ = {isa = PBXFileReference; fileEncoding = 4; lastKnownFileType = sourcecode.swift; path = "CallManager+Types.swift"; sourceTree = "<group>"; };
		376193292D9D5C5600F52320 /* KeepAwakeModule.h */ = {isa = PBXFileReference; fileEncoding = 4; lastKnownFileType = sourcecode.c.h; path = KeepAwakeModule.h; sourceTree = "<group>"; };
		3761932A2D9D5C5600F52320 /* KeepAwakeModule.m */ = {isa = PBXFileReference; fileEncoding = 4; lastKnownFileType = sourcecode.c.objc; path = KeepAwakeModule.m; sourceTree = "<group>"; };
		3761932B2D9D5C5600F52320 /* KeepAwakeModule.swift */ = {isa = PBXFileReference; fileEncoding = 4; lastKnownFileType = sourcecode.swift; path = KeepAwakeModule.swift; sourceTree = "<group>"; };
		3761932D2D9D5C5600F52320 /* AppDelegate.h */ = {isa = PBXFileReference; fileEncoding = 4; lastKnownFileType = sourcecode.c.h; path = AppDelegate.h; sourceTree = "<group>"; };
		3761932E2D9D5C5600F52320 /* AppDelegate.mm */ = {isa = PBXFileReference; fileEncoding = 4; lastKnownFileType = sourcecode.cpp.objcpp; path = AppDelegate.mm; sourceTree = "<group>"; };
		3761932F2D9D5C5600F52320 /* GalaxyRN-Bridging-Header.h */ = {isa = PBXFileReference; fileEncoding = 4; lastKnownFileType = sourcecode.c.h; path = "GalaxyRN-Bridging-Header.h"; sourceTree = "<group>"; };
		376193302D9D5C5600F52320 /* Images.xcassets */ = {isa = PBXFileReference; lastKnownFileType = folder.assetcatalog; path = Images.xcassets; sourceTree = "<group>"; };
		376193312D9D5C5600F52320 /* Info.plist */ = {isa = PBXFileReference; fileEncoding = 4; lastKnownFileType = text.plist.xml; path = Info.plist; sourceTree = "<group>"; };
		376193322D9D5C5600F52320 /* LaunchScreen.storyboard */ = {isa = PBXFileReference; fileEncoding = 4; lastKnownFileType = file.storyboard; path = LaunchScreen.storyboard; sourceTree = "<group>"; };
		376193332D9D5C5600F52320 /* main.m */ = {isa = PBXFileReference; fileEncoding = 4; lastKnownFileType = sourcecode.c.objc; path = main.m; sourceTree = "<group>"; };
		376193342D9D5C5600F52320 /* PrivacyInfo.xcprivacy */ = {isa = PBXFileReference; fileEncoding = 4; lastKnownFileType = text.xml; path = PrivacyInfo.xcprivacy; sourceTree = "<group>"; };
		37B463BC2D5BA5C6003D2E9C /* MaterialIcons.ttf */ = {isa = PBXFileReference; lastKnownFileType = file; name = MaterialIcons.ttf; path = "../node_modules/react-native-vector-icons/Fonts/MaterialIcons.ttf"; sourceTree = "<group>"; };
		914FF1DFB728CF44BF715873 /* libPods-GalaxyRN.a */ = {isa = PBXFileReference; explicitFileType = archive.ar; includeInIndex = 0; path = "libPods-GalaxyRN.a"; sourceTree = BUILT_PRODUCTS_DIR; };
		C51E97E138229AE1AF6618C1 /* Pods-GalaxyRN.debug.xcconfig */ = {isa = PBXFileReference; includeInIndex = 1; lastKnownFileType = text.xcconfig; name = "Pods-GalaxyRN.debug.xcconfig"; path = "Target Support Files/Pods-GalaxyRN/Pods-GalaxyRN.debug.xcconfig"; sourceTree = "<group>"; };
		ED297162215061F000B7C4FE /* JavaScriptCore.framework */ = {isa = PBXFileReference; lastKnownFileType = wrapper.framework; name = JavaScriptCore.framework; path = System/Library/Frameworks/JavaScriptCore.framework; sourceTree = SDKROOT; };
/* End PBXFileReference section */

/* Begin PBXFrameworksBuildPhase section */
		13B07F8C1A680F5B00A75B9A /* Frameworks */ = {
			isa = PBXFrameworksBuildPhase;
			buildActionMask = 2147483647;
			files = (
				EEE4C679E7EF7F5CC9C2B75D /* libPods-GalaxyRN.a in Frameworks */,
			);
			runOnlyForDeploymentPostprocessing = 0;
		};
/* End PBXFrameworksBuildPhase section */

/* Begin PBXGroup section */
		2D16E6871FA4F8E400B85C8A /* Frameworks */ = {
			isa = PBXGroup;
			children = (
				ED297162215061F000B7C4FE /* JavaScriptCore.framework */,
				914FF1DFB728CF44BF715873 /* libPods-GalaxyRN.a */,
			);
			name = Frameworks;
			sourceTree = "<group>";
		};
		374C50FF2DFAD10E00DAE8D9 /* Logger */ = {
			isa = PBXGroup;
			children = (
				374C50F92DFAD10E00DAE8D9 /* GxyLogger.swift */,
				374C50FA2DFAD10E00DAE8D9 /* GxyLoggerUtils.swift */,
				374C50FB2DFAD10E00DAE8D9 /* LoggerModule.h */,
				374C50FC2DFAD10E00DAE8D9 /* LoggerModule.m */,
				374C50FD2DFAD10E00DAE8D9 /* LoggerModule.swift */,
				374C50FE2DFAD10E00DAE8D9 /* SentryUtils.swift */,
			);
			path = Logger;
			sourceTree = "<group>";
		};
		3761931F2D9D5C5600F52320 /* AudioManager */ = {
			isa = PBXGroup;
			children = (
				376193162D9D5C5600F52320 /* AudioManager.h */,
				376193172D9D5C5600F52320 /* AudioManager.m */,
				376193182D9D5C5600F52320 /* AudioManager.swift */,
				376193192D9D5C5600F52320 /* AudioManager+Bridge.swift */,
				3761931A2D9D5C5600F52320 /* AudioManager+Controller.swift */,
				3761931B2D9D5C5600F52320 /* AudioManager+Events.swift */,
				3761931C2D9D5C5600F52320 /* AudioManager+Monitor.swift */,
				3761931D2D9D5C5600F52320 /* AudioManager+Types.swift */,
			);
			path = AudioManager;
			sourceTree = "<group>";
		};
		376193272D9D5C5600F52320 /* CallManager */ = {
			isa = PBXGroup;
			children = (
				376193202D9D5C5600F52320 /* CallManager.h */,
				376193212D9D5C5600F52320 /* CallManager.m */,
				376193222D9D5C5600F52320 /* CallManager.swift */,
				376193232D9D5C5600F52320 /* CallManager+Bridge.swift */,
				376193242D9D5C5600F52320 /* CallManager+Events.swift */,
				376193252D9D5C5600F52320 /* CallManager+Types.swift */,
			);
			path = CallManager;
			sourceTree = "<group>";
		};
		3761932C2D9D5C5600F52320 /* KeepAwakeModule */ = {
			isa = PBXGroup;
			children = (
				376193292D9D5C5600F52320 /* KeepAwakeModule.h */,
				3761932A2D9D5C5600F52320 /* KeepAwakeModule.m */,
				3761932B2D9D5C5600F52320 /* KeepAwakeModule.swift */,
			);
			path = KeepAwakeModule;
			sourceTree = "<group>";
		};
		376193352D9D5C5600F52320 /* GalaxyRN */ = {
			isa = PBXGroup;
			children = (
				374C50FF2DFAD10E00DAE8D9 /* Logger */,
				3761931F2D9D5C5600F52320 /* AudioManager */,
				376193272D9D5C5600F52320 /* CallManager */,
				3761932C2D9D5C5600F52320 /* KeepAwakeModule */,
				3761932D2D9D5C5600F52320 /* AppDelegate.h */,
				3761932E2D9D5C5600F52320 /* AppDelegate.mm */,
				3761932F2D9D5C5600F52320 /* GalaxyRN-Bridging-Header.h */,
				376193302D9D5C5600F52320 /* Images.xcassets */,
				376193312D9D5C5600F52320 /* Info.plist */,
				376193322D9D5C5600F52320 /* LaunchScreen.storyboard */,
				376193332D9D5C5600F52320 /* main.m */,
				376193342D9D5C5600F52320 /* PrivacyInfo.xcprivacy */,
			);
			path = GalaxyRN;
			sourceTree = "<group>";
		};
		832341AE1AAA6A7D00B99B32 /* Libraries */ = {
			isa = PBXGroup;
			children = (
			);
			name = Libraries;
			sourceTree = "<group>";
		};
		83CBB9F61A601CBA00E9B192 = {
			isa = PBXGroup;
			children = (
				376193352D9D5C5600F52320 /* GalaxyRN */,
				37B463BC2D5BA5C6003D2E9C /* MaterialIcons.ttf */,
				832341AE1AAA6A7D00B99B32 /* Libraries */,
				83CBBA001A601CBA00E9B192 /* Products */,
				2D16E6871FA4F8E400B85C8A /* Frameworks */,
				BBD78D7AC51CEA395F1C20DB /* Pods */,
			);
			indentWidth = 2;
			sourceTree = "<group>";
			tabWidth = 2;
			usesTabs = 0;
		};
		83CBBA001A601CBA00E9B192 /* Products */ = {
			isa = PBXGroup;
			children = (
				13B07F961A680F5B00A75B9A /* GalaxyRN.app */,
			);
			name = Products;
			sourceTree = "<group>";
		};
		BBD78D7AC51CEA395F1C20DB /* Pods */ = {
			isa = PBXGroup;
			children = (
				C51E97E138229AE1AF6618C1 /* Pods-GalaxyRN.debug.xcconfig */,
				2DF3B0EE911E3CBA2541EFA1 /* Pods-GalaxyRN.release.xcconfig */,
			);
			path = Pods;
			sourceTree = "<group>";
		};
/* End PBXGroup section */

/* Begin PBXNativeTarget section */
		13B07F861A680F5B00A75B9A /* GalaxyRN */ = {
			isa = PBXNativeTarget;
			buildConfigurationList = 13B07F931A680F5B00A75B9A /* Build configuration list for PBXNativeTarget "GalaxyRN" */;
			buildPhases = (
				57CB0E87934CDE76EA4DC232 /* [CP] Check Pods Manifest.lock */,
				13B07F871A680F5B00A75B9A /* Sources */,
				13B07F8C1A680F5B00A75B9A /* Frameworks */,
				13B07F8E1A680F5B00A75B9A /* Resources */,
				00DD1BFF1BD5951E006B06BC /* Bundle React Native code and images */,
				7F05F0C33DCC8A2E43996818 /* [CP] Embed Pods Frameworks */,
				67CB9C60F4D36E71F977F67C /* [CP] Copy Pods Resources */,
			);
			buildRules = (
			);
			dependencies = (
			);
			name = GalaxyRN;
			productName = GalaxyRN;
			productReference = 13B07F961A680F5B00A75B9A /* GalaxyRN.app */;
			productType = "com.apple.product-type.application";
		};
/* End PBXNativeTarget section */

/* Begin PBXProject section */
		83CBB9F71A601CBA00E9B192 /* Project object */ = {
			isa = PBXProject;
			attributes = {
				LastUpgradeCheck = 1210;
				TargetAttributes = {
					13B07F861A680F5B00A75B9A = {
						LastSwiftMigration = 1540;
					};
				};
			};
			buildConfigurationList = 83CBB9FA1A601CBA00E9B192 /* Build configuration list for PBXProject "GalaxyRN" */;
			compatibilityVersion = "Xcode 12.0";
			developmentRegion = en;
			hasScannedForEncodings = 0;
			knownRegions = (
				en,
				Base,
			);
			mainGroup = 83CBB9F61A601CBA00E9B192;
			productRefGroup = 83CBBA001A601CBA00E9B192 /* Products */;
			projectDirPath = "";
			projectRoot = "";
			targets = (
				13B07F861A680F5B00A75B9A /* GalaxyRN */,
			);
		};
/* End PBXProject section */

/* Begin PBXResourcesBuildPhase section */
		13B07F8E1A680F5B00A75B9A /* Resources */ = {
			isa = PBXResourcesBuildPhase;
			buildActionMask = 2147483647;
			files = (
				3761934C2D9D5C5700F52320 /* PrivacyInfo.xcprivacy in Resources */,
				376193482D9D5C5700F52320 /* Images.xcassets in Resources */,
				3761934A2D9D5C5700F52320 /* LaunchScreen.storyboard in Resources */,
			);
			runOnlyForDeploymentPostprocessing = 0;
		};
/* End PBXResourcesBuildPhase section */

/* Begin PBXShellScriptBuildPhase section */
		00DD1BFF1BD5951E006B06BC /* Bundle React Native code and images */ = {
			isa = PBXShellScriptBuildPhase;
			buildActionMask = 2147483647;
			files = (
			);
			inputPaths = (
				"$(SRCROOT)/.xcode.env.local",
				"$(SRCROOT)/.xcode.env",
			);
			name = "Bundle React Native code and images";
			outputPaths = (
			);
			runOnlyForDeploymentPostprocessing = 0;
			shellPath = /bin/sh;
			shellScript = "set -e\n\nWITH_ENVIRONMENT=\"$REACT_NATIVE_PATH/scripts/xcode/with-environment.sh\"\nREACT_NATIVE_XCODE=\"$REACT_NATIVE_PATH/scripts/react-native-xcode.sh\"\n\n/bin/sh -c \"$WITH_ENVIRONMENT $REACT_NATIVE_XCODE\"\n";
		};
		57CB0E87934CDE76EA4DC232 /* [CP] Check Pods Manifest.lock */ = {
			isa = PBXShellScriptBuildPhase;
			buildActionMask = 2147483647;
			files = (
			);
			inputFileListPaths = (
			);
			inputPaths = (
				"${PODS_PODFILE_DIR_PATH}/Podfile.lock",
				"${PODS_ROOT}/Manifest.lock",
			);
			name = "[CP] Check Pods Manifest.lock";
			outputFileListPaths = (
			);
			outputPaths = (
				"$(DERIVED_FILE_DIR)/Pods-GalaxyRN-checkManifestLockResult.txt",
			);
			runOnlyForDeploymentPostprocessing = 0;
			shellPath = /bin/sh;
			shellScript = "diff \"${PODS_PODFILE_DIR_PATH}/Podfile.lock\" \"${PODS_ROOT}/Manifest.lock\" > /dev/null\nif [ $? != 0 ] ; then\n    # print error to STDERR\n    echo \"error: The sandbox is not in sync with the Podfile.lock. Run 'pod install' or update your CocoaPods installation.\" >&2\n    exit 1\nfi\n# This output is used by Xcode 'outputs' to avoid re-running this script phase.\necho \"SUCCESS\" > \"${SCRIPT_OUTPUT_FILE_0}\"\n";
			showEnvVarsInLog = 0;
		};
		67CB9C60F4D36E71F977F67C /* [CP] Copy Pods Resources */ = {
			isa = PBXShellScriptBuildPhase;
			buildActionMask = 2147483647;
			files = (
			);
			inputFileListPaths = (
				"${PODS_ROOT}/Target Support Files/Pods-GalaxyRN/Pods-GalaxyRN-resources-${CONFIGURATION}-input-files.xcfilelist",
			);
			name = "[CP] Copy Pods Resources";
			outputFileListPaths = (
				"${PODS_ROOT}/Target Support Files/Pods-GalaxyRN/Pods-GalaxyRN-resources-${CONFIGURATION}-output-files.xcfilelist",
			);
			runOnlyForDeploymentPostprocessing = 0;
			shellPath = /bin/sh;
			shellScript = "\"${PODS_ROOT}/Target Support Files/Pods-GalaxyRN/Pods-GalaxyRN-resources.sh\"\n";
			showEnvVarsInLog = 0;
		};
		7F05F0C33DCC8A2E43996818 /* [CP] Embed Pods Frameworks */ = {
			isa = PBXShellScriptBuildPhase;
			buildActionMask = 2147483647;
			files = (
			);
			inputFileListPaths = (
				"${PODS_ROOT}/Target Support Files/Pods-GalaxyRN/Pods-GalaxyRN-frameworks-${CONFIGURATION}-input-files.xcfilelist",
			);
			name = "[CP] Embed Pods Frameworks";
			outputFileListPaths = (
				"${PODS_ROOT}/Target Support Files/Pods-GalaxyRN/Pods-GalaxyRN-frameworks-${CONFIGURATION}-output-files.xcfilelist",
			);
			runOnlyForDeploymentPostprocessing = 0;
			shellPath = /bin/sh;
			shellScript = "\"${PODS_ROOT}/Target Support Files/Pods-GalaxyRN/Pods-GalaxyRN-frameworks.sh\"\n";
			showEnvVarsInLog = 0;
		};
/* End PBXShellScriptBuildPhase section */

/* Begin PBXSourcesBuildPhase section */
		13B07F871A680F5B00A75B9A /* Sources */ = {
			isa = PBXSourcesBuildPhase;
			buildActionMask = 2147483647;
			files = (
				374C51002DFAD10E00DAE8D9 /* GxyLoggerUtils.swift in Sources */,
				374C51012DFAD10E00DAE8D9 /* SentryUtils.swift in Sources */,
				374C51022DFAD10E00DAE8D9 /* GxyLogger.swift in Sources */,
				374C51032DFAD10E00DAE8D9 /* LoggerModule.swift in Sources */,
				374C51042DFAD10E00DAE8D9 /* LoggerModule.m in Sources */,
				3761933C2D9D5C5700F52320 /* AudioManager+Types.swift in Sources */,
				3761933A2D9D5C5700F52320 /* AudioManager+Events.swift in Sources */,
				376193362D9D5C5700F52320 /* AudioManager.m in Sources */,
				3761933F2D9D5C5700F52320 /* CallManager.swift in Sources */,
				376193372D9D5C5700F52320 /* AudioManager.swift in Sources */,
				376193412D9D5C5700F52320 /* CallManager+Events.swift in Sources */,
				376193382D9D5C5700F52320 /* AudioManager+Bridge.swift in Sources */,
				376193452D9D5C5700F52320 /* KeepAwakeModule.m in Sources */,
				376193402D9D5C5700F52320 /* CallManager+Bridge.swift in Sources */,
				376193422D9D5C5700F52320 /* CallManager+Types.swift in Sources */,
				3761933B2D9D5C5700F52320 /* AudioManager+Monitor.swift in Sources */,
				376193392D9D5C5700F52320 /* AudioManager+Controller.swift in Sources */,
				376193462D9D5C5700F52320 /* KeepAwakeModule.swift in Sources */,
				376193472D9D5C5700F52320 /* AppDelegate.mm in Sources */,
				3761934B2D9D5C5700F52320 /* main.m in Sources */,
				3761933E2D9D5C5700F52320 /* CallManager.m in Sources */,
			);
			runOnlyForDeploymentPostprocessing = 0;
		};
/* End PBXSourcesBuildPhase section */

/* Begin XCBuildConfiguration section */
		13B07F941A680F5B00A75B9A /* Debug */ = {
			isa = XCBuildConfiguration;
			baseConfigurationReference = C51E97E138229AE1AF6618C1 /* Pods-GalaxyRN.debug.xcconfig */;
			buildSettings = {
				ASSETCATALOG_COMPILER_APPICON_NAME = AppIcon;
				CLANG_ENABLE_MODULES = YES;
				CURRENT_PROJECT_VERSION = 52;
				DEVELOPMENT_TEAM = 3ZYLPBKYWW;
				ENABLE_BITCODE = NO;
				FRAMEWORK_SEARCH_PATHS = (
					"$(inherited)",
					"$(PROJECT_DIR)/Pods/hermes-engine/destroot/Library/Frameworks/macosx",
				);
				INFOPLIST_FILE = GalaxyRN/Info.plist;
				LD_RUNPATH_SEARCH_PATHS = (
					"$(inherited)",
					"@executable_path/Frameworks",
				);
				MARKETING_VERSION = 1.0.52;
				OTHER_LDFLAGS = (
					"$(inherited)",
					"-ObjC",
					"-lc++",
				);
				PRODUCT_BUNDLE_IDENTIFIER = org.bb.arvut;
				PRODUCT_NAME = GalaxyRN;
				SWIFT_OPTIMIZATION_LEVEL = "-Onone";
				SWIFT_VERSION = 5.0;
				VERSIONING_SYSTEM = "apple-generic";
			};
			name = Debug;
		};
		13B07F951A680F5B00A75B9A /* Release */ = {
			isa = XCBuildConfiguration;
			baseConfigurationReference = 2DF3B0EE911E3CBA2541EFA1 /* Pods-GalaxyRN.release.xcconfig */;
			buildSettings = {
				ASSETCATALOG_COMPILER_APPICON_NAME = AppIcon;
				CLANG_ENABLE_MODULES = YES;
				CURRENT_PROJECT_VERSION = 52;
				DEVELOPMENT_TEAM = 3ZYLPBKYWW;
				FRAMEWORK_SEARCH_PATHS = (
					"$(inherited)",
					"$(PROJECT_DIR)/Pods/hermes-engine/destroot/Library/Frameworks/macosx",
				);
				INFOPLIST_FILE = GalaxyRN/Info.plist;
				LD_RUNPATH_SEARCH_PATHS = (
					"$(inherited)",
					"@executable_path/Frameworks",
				);
				MARKETING_VERSION = 1.0.52;
				OTHER_LDFLAGS = (
					"$(inherited)",
					"-ObjC",
					"-lc++",
				);
				PRODUCT_BUNDLE_IDENTIFIER = org.bb.arvut;
				PRODUCT_NAME = GalaxyRN;
				SWIFT_VERSION = 5.0;
				VERSIONING_SYSTEM = "apple-generic";
			};
			name = Release;
		};
		83CBBA201A601CBA00E9B192 /* Debug */ = {
			isa = XCBuildConfiguration;
			buildSettings = {
				ALWAYS_SEARCH_USER_PATHS = NO;
				CC = "";
				CLANG_ANALYZER_LOCALIZABILITY_NONLOCALIZED = YES;
				CLANG_CXX_LANGUAGE_STANDARD = "c++20";
				CLANG_CXX_LIBRARY = "libc++";
				CLANG_ENABLE_MODULES = YES;
				CLANG_ENABLE_OBJC_ARC = YES;
				CLANG_WARN_BLOCK_CAPTURE_AUTORELEASING = YES;
				CLANG_WARN_BOOL_CONVERSION = YES;
				CLANG_WARN_COMMA = YES;
				CLANG_WARN_CONSTANT_CONVERSION = YES;
				CLANG_WARN_DEPRECATED_OBJC_IMPLEMENTATIONS = YES;
				CLANG_WARN_DIRECT_OBJC_ISA_USAGE = YES_ERROR;
				CLANG_WARN_EMPTY_BODY = YES;
				CLANG_WARN_ENUM_CONVERSION = YES;
				CLANG_WARN_INFINITE_RECURSION = YES;
				CLANG_WARN_INT_CONVERSION = YES;
				CLANG_WARN_NON_LITERAL_NULL_CONVERSION = YES;
				CLANG_WARN_OBJC_IMPLICIT_RETAIN_SELF = YES;
				CLANG_WARN_OBJC_LITERAL_CONVERSION = YES;
				CLANG_WARN_OBJC_ROOT_CLASS = YES_ERROR;
				CLANG_WARN_QUOTED_INCLUDE_IN_FRAMEWORK_HEADER = YES;
				CLANG_WARN_RANGE_LOOP_ANALYSIS = YES;
				CLANG_WARN_STRICT_PROTOTYPES = YES;
				CLANG_WARN_SUSPICIOUS_MOVE = YES;
				CLANG_WARN_UNREACHABLE_CODE = YES;
				CLANG_WARN__DUPLICATE_METHOD_MATCH = YES;
				"CODE_SIGN_IDENTITY[sdk=iphoneos*]" = "iPhone Developer";
				COPY_PHASE_STRIP = NO;
				CXX = "";
				ENABLE_STRICT_OBJC_MSGSEND = YES;
				ENABLE_TESTABILITY = YES;
				"EXCLUDED_ARCHS[sdk=iphonesimulator*]" = "";
				GCC_C_LANGUAGE_STANDARD = gnu99;
				GCC_DYNAMIC_NO_PIC = NO;
				GCC_NO_COMMON_BLOCKS = YES;
				GCC_OPTIMIZATION_LEVEL = 0;
				GCC_PREPROCESSOR_DEFINITIONS = (
					"DEBUG=1",
					"$(inherited)",
				);
				GCC_SYMBOLS_PRIVATE_EXTERN = NO;
				GCC_WARN_64_TO_32_BIT_CONVERSION = YES;
				GCC_WARN_ABOUT_RETURN_TYPE = YES_ERROR;
				GCC_WARN_UNDECLARED_SELECTOR = YES;
				GCC_WARN_UNINITIALIZED_AUTOS = YES_AGGRESSIVE;
				GCC_WARN_UNUSED_FUNCTION = YES;
				GCC_WARN_UNUSED_VARIABLE = YES;
				IPHONEOS_DEPLOYMENT_TARGET = 13.4;
				LD = "";
				LDPLUSPLUS = "";
				LD_RUNPATH_SEARCH_PATHS = (
					/usr/lib/swift,
					"$(inherited)",
				);
				LIBRARY_SEARCH_PATHS = (
					"\"$(SDKROOT)/usr/lib/swift\"",
					"\"$(TOOLCHAIN_DIR)/usr/lib/swift/$(PLATFORM_NAME)\"",
					"\"$(inherited)\"",
				);
				MTL_ENABLE_DEBUG_INFO = YES;
				ONLY_ACTIVE_ARCH = YES;
				OTHER_CPLUSPLUSFLAGS = (
					"$(OTHER_CFLAGS)",
					"-DFOLLY_NO_CONFIG",
					"-DFOLLY_MOBILE=1",
					"-DFOLLY_USE_LIBCPP=1",
					"-DFOLLY_CFG_NO_COROUTINES=1",
					"-DFOLLY_HAVE_CLOCK_GETTIME=1",
				);
				OTHER_LDFLAGS = (
					"$(inherited)",
					" ",
				);
				REACT_NATIVE_PATH = "${PODS_ROOT}/../../node_modules/react-native";
				SDKROOT = iphoneos;
				USE_HERMES = true;
			};
			name = Debug;
		};
		83CBBA211A601CBA00E9B192 /* Release */ = {
			isa = XCBuildConfiguration;
			buildSettings = {
				ALWAYS_SEARCH_USER_PATHS = NO;
				CC = "";
				CLANG_ANALYZER_LOCALIZABILITY_NONLOCALIZED = YES;
				CLANG_CXX_LANGUAGE_STANDARD = "c++20";
				CLANG_CXX_LIBRARY = "libc++";
				CLANG_ENABLE_MODULES = YES;
				CLANG_ENABLE_OBJC_ARC = YES;
				CLANG_WARN_BLOCK_CAPTURE_AUTORELEASING = YES;
				CLANG_WARN_BOOL_CONVERSION = YES;
				CLANG_WARN_COMMA = YES;
				CLANG_WARN_CONSTANT_CONVERSION = YES;
				CLANG_WARN_DEPRECATED_OBJC_IMPLEMENTATIONS = YES;
				CLANG_WARN_DIRECT_OBJC_ISA_USAGE = YES_ERROR;
				CLANG_WARN_EMPTY_BODY = YES;
				CLANG_WARN_ENUM_CONVERSION = YES;
				CLANG_WARN_INFINITE_RECURSION = YES;
				CLANG_WARN_INT_CONVERSION = YES;
				CLANG_WARN_NON_LITERAL_NULL_CONVERSION = YES;
				CLANG_WARN_OBJC_IMPLICIT_RETAIN_SELF = YES;
				CLANG_WARN_OBJC_LITERAL_CONVERSION = YES;
				CLANG_WARN_OBJC_ROOT_CLASS = YES_ERROR;
				CLANG_WARN_QUOTED_INCLUDE_IN_FRAMEWORK_HEADER = YES;
				CLANG_WARN_RANGE_LOOP_ANALYSIS = YES;
				CLANG_WARN_STRICT_PROTOTYPES = YES;
				CLANG_WARN_SUSPICIOUS_MOVE = YES;
				CLANG_WARN_UNREACHABLE_CODE = YES;
				CLANG_WARN__DUPLICATE_METHOD_MATCH = YES;
				"CODE_SIGN_IDENTITY[sdk=iphoneos*]" = "iPhone Developer";
				COPY_PHASE_STRIP = YES;
				CXX = "";
				ENABLE_NS_ASSERTIONS = NO;
				ENABLE_STRICT_OBJC_MSGSEND = YES;
				"EXCLUDED_ARCHS[sdk=iphonesimulator*]" = "";
				GCC_C_LANGUAGE_STANDARD = gnu99;
				GCC_NO_COMMON_BLOCKS = YES;
				GCC_WARN_64_TO_32_BIT_CONVERSION = YES;
				GCC_WARN_ABOUT_RETURN_TYPE = YES_ERROR;
				GCC_WARN_UNDECLARED_SELECTOR = YES;
				GCC_WARN_UNINITIALIZED_AUTOS = YES_AGGRESSIVE;
				GCC_WARN_UNUSED_FUNCTION = YES;
				GCC_WARN_UNUSED_VARIABLE = YES;
				IPHONEOS_DEPLOYMENT_TARGET = 13.4;
				LD = "";
				LDPLUSPLUS = "";
				LD_RUNPATH_SEARCH_PATHS = (
					/usr/lib/swift,
					"$(inherited)",
				);
				LIBRARY_SEARCH_PATHS = (
					"\"$(SDKROOT)/usr/lib/swift\"",
					"\"$(TOOLCHAIN_DIR)/usr/lib/swift/$(PLATFORM_NAME)\"",
					"\"$(inherited)\"",
				);
				MTL_ENABLE_DEBUG_INFO = NO;
				OTHER_CPLUSPLUSFLAGS = (
					"$(OTHER_CFLAGS)",
					"-DFOLLY_NO_CONFIG",
					"-DFOLLY_MOBILE=1",
					"-DFOLLY_USE_LIBCPP=1",
					"-DFOLLY_CFG_NO_COROUTINES=1",
					"-DFOLLY_HAVE_CLOCK_GETTIME=1",
				);
				OTHER_LDFLAGS = (
					"$(inherited)",
					" ",
				);
				REACT_NATIVE_PATH = "${PODS_ROOT}/../../node_modules/react-native";
				SDKROOT = iphoneos;
				USE_HERMES = true;
				VALIDATE_PRODUCT = YES;
			};
			name = Release;
		};
/* End XCBuildConfiguration section */

/* Begin XCConfigurationList section */
		13B07F931A680F5B00A75B9A /* Build configuration list for PBXNativeTarget "GalaxyRN" */ = {
			isa = XCConfigurationList;
			buildConfigurations = (
				13B07F941A680F5B00A75B9A /* Debug */,
				13B07F951A680F5B00A75B9A /* Release */,
			);
			defaultConfigurationIsVisible = 0;
			defaultConfigurationName = Release;
		};
		83CBB9FA1A601CBA00E9B192 /* Build configuration list for PBXProject "GalaxyRN" */ = {
			isa = XCConfigurationList;
			buildConfigurations = (
				83CBBA201A601CBA00E9B192 /* Debug */,
				83CBBA211A601CBA00E9B192 /* Release */,
			);
			defaultConfigurationIsVisible = 0;
			defaultConfigurationName = Release;
		};
/* End XCConfigurationList section */
	};
	rootObject = 83CBB9F71A601CBA00E9B192 /* Project object */;
}
